
Microsoft Visual Studio Solution File, Format Version 12.00
# Visual Studio Version 17
VisualStudioVersion = 17.6.33829.357
MinimumVisualStudioVersion = 10.0.40219.1
Project("{FAE04EC0-301F-11D3-BF4B-00C04F79EFBC}") = "job_portal", "job_portal\job_portal.csproj", "{8163AA72-B8B7-46C9-A8B2-B66BCB9E8E5D}"
EndProject
Global
	GlobalSection(SolutionConfigurationPlatforms) = preSolution
		Debug|Any CPU = Debug|Any CPU
		Release|Any CPU = Release|Any CPU
	EndGlobalSection
	GlobalSection(ProjectConfigurationPlatforms) = postSolution
		{8163AA72-B8B7-46C9-A8B2-B66BCB9E8E5D}.Debug|Any CPU.ActiveCfg = Debug|Any CPU
		{8163AA72-B8B7-46C9-A8B2-B66BCB9E8E5D}.Debug|Any CPU.Build.0 = Debug|Any CPU
		{8163AA72-B8B7-46C9-A8B2-B66BCB9E8E5D}.Release|Any CPU.ActiveCfg = Release|Any CPU
		{8163AA72-B8B7-46C9-A8B2-B66BCB9E8E5D}.Release|Any CPU.Build.0 = Release|Any CPU
	EndGlobalSection
	GlobalSection(SolutionProperties) = preSolution
		HideSolutionNode = FALSE
	EndGlobalSection
	GlobalSection(ExtensibilityGlobals) = postSolution
		SolutionGuid = {947494CA-D4D6-4AB2-9486-818DD5CE520D}
	EndGlobalSection
EndGlobal
